
Microsoft Visual Studio Solution File, Format Version 12.00
# Visual Studio 15
VisualStudioVersion = 15.0.28307.1300
MinimumVisualStudioVersion = 10.0.40219.1
Project("{FAE04EC0-301F-11D3-BF4B-00C04F79EFBC}") = "OgrenciTakipOtomasyonu", "OgrenciTakipOtomasyonu.csproj", "{B8412BF3-F382-4441-AA62-4C9DAFAA4197}"
EndProject
Project("{54435603-DBB4-11D2-8724-00A0C9A8B90C}") = "Ogrenci Takip Otomasyonu", "..\Ogrenci Takip Otomasyonu\Ogrenci Takip Otomasyonu.vdproj", "{F6D3F815-F1E2-4B6D-B852-7546B89CC886}"
EndProject
Global
	GlobalSection(SolutionConfigurationPlatforms) = preSolution
		Debug|Any CPU = Debug|Any CPU
		Release|Any CPU = Release|Any CPU
	EndGlobalSection
	GlobalSection(ProjectConfigurationPlatforms) = postSolution
		{B8412BF3-F382-4441-AA62-4C9DAFAA4197}.Debug|Any CPU.ActiveCfg = Debug|Any CPU
		{B8412BF3-F382-4441-AA62-4C9DAFAA4197}.Debug|Any CPU.Build.0 = Debug|Any CPU
		{B8412BF3-F382-4441-AA62-4C9DAFAA4197}.Release|Any CPU.ActiveCfg = Release|Any CPU
		{B8412BF3-F382-4441-AA62-4C9DAFAA4197}.Release|Any CPU.Build.0 = Release|Any CPU
		{F6D3F815-F1E2-4B6D-B852-7546B89CC886}.Debug|Any CPU.ActiveCfg = Debug
		{F6D3F815-F1E2-4B6D-B852-7546B89CC886}.Release|Any CPU.ActiveCfg = Release
	EndGlobalSection
	GlobalSection(SolutionProperties) = preSolution
		HideSolutionNode = FALSE
	EndGlobalSection
	GlobalSection(ExtensibilityGlobals) = postSolution
		SolutionGuid = {89DB4540-6CDC-46C7-813A-F4107CDE7AA7}
	EndGlobalSection
EndGlobal
